
Microsoft Visual Studio Solution File, Format Version 12.00
# Visual Studio 14
VisualStudioVersion = 14.0.25420.1
MinimumVisualStudioVersion = 10.0.40219.1
Project("{888888A0-9F3D-457C-B088-3A5042F75D52}") = "Experiment.3.Process Scheduling", "Experiment.3.Process Scheduling.pyproj", "{8806E54B-62DA-4D40-8253-C6D6B311D822}"
EndProject
Project("{888888A0-9F3D-457C-B088-3A5042F75D52}") = "Experiment.1.Job scheduling", "..\Experiment.1.Processor scheduling\Experiment.1.Job scheduling.pyproj", "{1CF3A062-051B-4B8E-AEB5-C3A1F4DEDC91}"
EndProject
Project("{888888A0-9F3D-457C-B088-3A5042F75D52}") = "Exepriment.2.Process Synchronization", "..\..\..\Local\Operating System\Experiment.2.Process Synchronization\Exepriment.2.Process Synchronization.pyproj", "{96FB3FA1-30D5-4927-A36B-BEE9E361A772}"
EndProject
Project("{888888A0-9F3D-457C-B088-3A5042F75D52}") = "Experiment.4.Process Deadlock", "..\Experiment.4.Process Deadlock\Experiment.4.Process Deadlock.pyproj", "{A4904FFD-9020-4A42-A6D3-CBB11EECE8B8}"
EndProject
Global
	GlobalSection(SolutionConfigurationPlatforms) = preSolution
		Debug|Any CPU = Debug|Any CPU
		Release|Any CPU = Release|Any CPU
	EndGlobalSection
	GlobalSection(ProjectConfigurationPlatforms) = postSolution
		{8806E54B-62DA-4D40-8253-C6D6B311D822}.Debug|Any CPU.ActiveCfg = Debug|Any CPU
		{8806E54B-62DA-4D40-8253-C6D6B311D822}.Release|Any CPU.ActiveCfg = Release|Any CPU
		{1CF3A062-051B-4B8E-AEB5-C3A1F4DEDC91}.Debug|Any CPU.ActiveCfg = Debug|Any CPU
		{1CF3A062-051B-4B8E-AEB5-C3A1F4DEDC91}.Release|Any CPU.ActiveCfg = Release|Any CPU
		{96FB3FA1-30D5-4927-A36B-BEE9E361A772}.Debug|Any CPU.ActiveCfg = Debug|Any CPU
		{96FB3FA1-30D5-4927-A36B-BEE9E361A772}.Release|Any CPU.ActiveCfg = Release|Any CPU
		{A4904FFD-9020-4A42-A6D3-CBB11EECE8B8}.Debug|Any CPU.ActiveCfg = Debug|Any CPU
		{A4904FFD-9020-4A42-A6D3-CBB11EECE8B8}.Release|Any CPU.ActiveCfg = Release|Any CPU
	EndGlobalSection
	GlobalSection(SolutionProperties) = preSolution
		HideSolutionNode = FALSE
	EndGlobalSection
EndGlobal
